PODS:
  - Alamofire (4.4.0)
  - BTNavigationDropdownMenu (0.4.1)
  - CircularSlider (1.1.2)
  - CollectionViewWaterfallLayout (0.2.2)
  - CSStickyHeaderFlowLayout (0.2.11)
  - DZNEmptyDataSet (1.8.1)
  - FirebaseAnalytics (3.9.0):
    - FirebaseCore (~> 3.6)
    - FirebaseInstanceID (~> 1.0)
    - GoogleToolboxForMac/NSData+zlib (~> 2.1)
  - FirebaseCore (3.6.0):
    - GoogleToolboxForMac/NSData+zlib (~> 2.1)
  - FirebaseInstanceID (1.0.10):
    - FirebaseCore (~> 3.6)
  - Google/Analytics (3.1.0):
    - Google/Core
    - GoogleAnalytics (~> 3.12)
  - Google/Core (3.1.0):
    - FirebaseAnalytics (~> 3.2)
  - GoogleAnalytics (3.17.0)
  - GoogleMaps (2.3.0):
    - GoogleMaps/Maps (= 2.3.0)
  - GoogleMaps/Base (2.3.0)
  - GoogleMaps/Maps (2.3.0):
    - GoogleMaps/Base
  - GoogleToolboxForMac/Defines (2.1.1)
  - GoogleToolboxForMac/NSData+zlib (2.1.1):
    - GoogleToolboxForMac/Defines (= 2.1.1)
  - IQKeyboardManagerSwift (4.0.10)
  - JWTDecode (2.0.0)
  - Localize-Swift (1.7.1)
  - Navajo-Swift (1.0.0)
  - NVActivityIndicatorView (3.6.1)
  - OneSignal (2.5.4)
  - Presentr (1.2.3)
  - SideMenuController (0.2.4)
  - SwiftHUEColorPicker (0.3.0)
  - SwiftyJSON (3.1.4)
  - SwiftyTimer (2.0.0)
  - SwiftyUserDefaults (3.0.0)
  - UIColor_Hex_Swift (3.0.2)

DEPENDENCIES:
  - Alamofire (~> 4.0)
  - BTNavigationDropdownMenu (from `https://github.com/PhamBaTho/BTNavigationDropdownMenu.git`, branch `swift-3.0`)
  - CircularSlider
  - CollectionViewWaterfallLayout (from `https://github.com/ostatnicky/CollectionViewWaterfallLayout.git`, branch `feature/swift3`)
  - CSStickyHeaderFlowLayout
  - DZNEmptyDataSet
  - Google/Analytics
  - GoogleMaps
  - IQKeyboardManagerSwift
  - JWTDecode
  - Localize-Swift
  - Navajo-Swift
  - NVActivityIndicatorView
  - OneSignal
  - Presentr
  - SideMenuController
  - SwiftHUEColorPicker
  - SwiftyJSON
  - SwiftyTimer
  - SwiftyUserDefaults
  - UIColor_Hex_Swift

EXTERNAL SOURCES:
  BTNavigationDropdownMenu:
    :branch: swift-3.0
    :git: https://github.com/PhamBaTho/BTNavigationDropdownMenu.git
  CollectionViewWaterfallLayout:
    :branch: feature/swift3
    :git: https://github.com/ostatnicky/CollectionViewWaterfallLayout.git

CHECKOUT OPTIONS:
  BTNavigationDropdownMenu:
    :commit: 2c08c8579cf7a53ecb3dbf578e6e1034080a9859
    :git: https://github.com/PhamBaTho/BTNavigationDropdownMenu.git
  CollectionViewWaterfallLayout:
    :commit: 2da4c78fd2b5ecfad91d163092c98886cbdb3d3f
    :git: https://github.com/ostatnicky/CollectionViewWaterfallLayout.git

SPEC CHECKSUMS:
  Alamofire: dc44b1600b800eb63da6a19039a0083d62a6a62d
  BTNavigationDropdownMenu: 093f3cbfad1572f2c222bdf8d17584d1e13380d4
  CircularSlider: 448f9f7723b845ccd470dac41981feb192e20c50
  CollectionViewWaterfallLayout: b4f9aabad89609696ea3f6dceff956dd58e2bae4
  CSStickyHeaderFlowLayout: e9bcb1762413f49d7d09e5bd0ae5efd1100116b7
  DZNEmptyDataSet: 9525833b9e68ac21c30253e1d3d7076cc828eaa7
  FirebaseAnalytics: e5fe8486efc01bec33f6bf82e2fa9fce4b124052
  FirebaseCore: 9691ee2ade70c098d7cf92440f4303f16d83ca75
  FirebaseInstanceID: b9eedd6846fb5e1f0f7279e1deaa7a7e4cf8392e
  Google: 98da4b1a60ed0beb80a290387a28333406a1eb90
  GoogleAnalytics: f42cc53a87a51fe94334821868d9c8481ff47a7b
  GoogleMaps: 340a6a0bebd17c2db8abcd3921976c7c53c86cb8
  GoogleToolboxForMac: 8e329f1b599f2512c6b10676d45736bcc2cbbeb0
  IQKeyboardManagerSwift: 75ba21a23794a1e6b6fe6d9a267ea17f80e06771
  JWTDecode: 178e47e5d28d3abcff778bacced8342858cd6cb5
  Localize-Swift: 6cabc1087c0e910e77bfa87c2ed3f65c80c0b2df
  Navajo-Swift: b5ccdf31f5b21e4944a418c5dfe891c8e571f7c7
  NVActivityIndicatorView: 9f52a7f84bf5c6a798722c450fe3c198e01c56ed
  OneSignal: da994bcf6a2efbdceaf71e389e1d05245c562899
  Presentr: a21c7bbb3532c8ff60320e235c0a4869e72f8885
  SideMenuController: b463d2b3aa58e2afe57f57a07938fa9a647894ca
  SwiftHUEColorPicker: 5c5e177051432f3d29f495ae7ae478849cdda953
  SwiftyJSON: c2842d878f95482ffceec5709abc3d05680c0220
  SwiftyTimer: 2efd74b060d69ad4f1496baf5bbedbe132125fcf
  SwiftyUserDefaults: 0f1d45fc3aafb9064dac661e367f8f83fe21a4b4
  UIColor_Hex_Swift: 95f718452092a3efc8a827dffd2c04d3237be02d

PODFILE CHECKSUM: 6e45482b01cc53b76df088fad3d62e82be29cc44

COCOAPODS: 1.2.1
